// !$*UTF8*$!
{
	archiveVersion = 1;
	classes = {
	};
	objectVersion = 46;
	objects = {

/* Begin PBXBuildFile section */
		03A037B51D2299610038A0BB /* main.swift in Sources */ = {isa = PBXBuildFile; fileRef = 03A037B41D2299610038A0BB /* main.swift */; };
		03A037BC1D2299700038A0BB /* CanvasView.swift in Sources */ = {isa = PBXBuildFile; fileRef = 03A037BB1D2299700038A0BB /* CanvasView.swift */; };
		03A037BE1D2299740038A0BB /* RunningView.swift in Sources */ = {isa = PBXBuildFile; fileRef = 03A037BD1D2299740038A0BB /* RunningView.swift */; };
		03A037C01D229A890038A0BB /* README.md in Sources */ = {isa = PBXBuildFile; fileRef = 03A037BF1D229A890038A0BB /* README.md */; };
/* End PBXBuildFile section */

/* Begin PBXCopyFilesBuildPhase section */
		03A037AF1D2299610038A0BB /* CopyFiles */ = {
			isa = PBXCopyFilesBuildPhase;
			buildActionMask = 2147483647;
			dstPath = /usr/share/man/man1/;
			dstSubfolderSpec = 0;
			files = (
			);
			runOnlyForDeploymentPostprocessing = 1;
		};
/* End PBXCopyFilesBuildPhase section */

/* Begin PBXFileReference section */
		03A037B11D2299610038A0BB /* PulsarRuns */ = {isa = PBXFileReference; explicitFileType = "compiled.mach-o.executable"; includeInIndex = 0; path = PulsarRuns; sourceTree = BUILT_PRODUCTS_DIR; };
		03A037B41D2299610038A0BB /* main.swift */ = {isa = PBXFileReference; lastKnownFileType = sourcecode.swift; path = main.swift; sourceTree = "<group>"; };
		03A037BB1D2299700038A0BB /* CanvasView.swift */ = {isa = PBXFileReference; fileEncoding = 4; lastKnownFileType = sourcecode.swift; path = CanvasView.swift; sourceTree = "<group>"; };
		03A037BD1D2299740038A0BB /* RunningView.swift */ = {isa = PBXFileReference; fileEncoding = 4; lastKnownFileType = sourcecode.swift; path = RunningView.swift; sourceTree = "<group>"; };
		03A037BF1D229A890038A0BB /* README.md */ = {isa = PBXFileReference; fileEncoding = 4; lastKnownFileType = net.daringfireball.markdown; path = README.md; sourceTree = "<group>"; };
/* End PBXFileReference section */

/* Begin PBXFrameworksBuildPhase section */
		03A037AE1D2299610038A0BB /* Frameworks */ = {
			isa = PBXFrameworksBuildPhase;
			buildActionMask = 2147483647;
			files = (
			);
			runOnlyForDeploymentPostprocessing = 0;
		};
/* End PBXFrameworksBuildPhase section */

/* Begin PBXGroup section */
		03A037A81D2299610038A0BB = {
			isa = PBXGroup;
			children = (
				03A037BF1D229A890038A0BB /* README.md */,
				03A037BB1D2299700038A0BB /* CanvasView.swift */,
				03A037B31D2299610038A0BB /* PulsarRuns */,
				03A037B21D2299610038A0BB /* Products */,
			);
			sourceTree = "<group>";
		};
		03A037B21D2299610038A0BB /* Products */ = {
			isa = PBXGroup;
			children = (
				03A037B11D2299610038A0BB /* PulsarRuns */,
			);
			name = Products;
			sourceTree = "<group>";
		};
		03A037B31D2299610038A0BB /* PulsarRuns */ = {
			isa = PBXGroup;
			children = (
				03A037BD1D2299740038A0BB /* RunningView.swift */,
				03A037B41D2299610038A0BB /* main.swift */,
			);
			path = PulsarRuns;
			sourceTree = "<group>";
		};
/* End PBXGroup section */

/* Begin PBXNativeTarget section */
		03A037B01D2299610038A0BB /* PulsarRuns */ = {
			isa = PBXNativeTarget;
			buildConfigurationList = 03A037B81D2299610038A0BB /* Build configuration list for PBXNativeTarget "PulsarRuns" */;
			buildPhases = (
				03A037AD1D2299610038A0BB /* Sources */,
				03A037AE1D2299610038A0BB /* Frameworks */,
				03A037AF1D2299610038A0BB /* CopyFiles */,
			);
			buildRules = (
			);
			dependencies = (
			);
			name = PulsarRuns;
			productName = PulsarRuns;
			productReference = 03A037B11D2299610038A0BB /* PulsarRuns */;
			productType = "com.apple.product-type.tool";
		};
/* End PBXNativeTarget section */

/* Begin PBXProject section */
		03A037A91D2299610038A0BB /* Project object */ = {
			isa = PBXProject;
			attributes = {
				LastSwiftUpdateCheck = 0800;
				LastUpgradeCheck = 0800;
				ORGANIZATIONNAME = "Nicolas Seriot";
				TargetAttributes = {
					03A037B01D2299610038A0BB = {
						CreatedOnToolsVersion = 8.0;
						DevelopmentTeam = VBYRKYS73S;
						DevelopmentTeamName = "Nicolas Seriot";
						ProvisioningStyle = Automatic;
					};
				};
			};
			buildConfigurationList = 03A037AC1D2299610038A0BB /* Build configuration list for PBXProject "PulsarRuns" */;
			compatibilityVersion = "Xcode 3.2";
			developmentRegion = English;
			hasScannedForEncodings = 0;
			knownRegions = (
				en,
			);
			mainGroup = 03A037A81D2299610038A0BB;
			productRefGroup = 03A037B21D2299610038A0BB /* Products */;
			projectDirPath = "";
			projectRoot = "";
			targets = (
				03A037B01D2299610038A0BB /* PulsarRuns */,
			);
		};
/* End PBXProject section */

/* Begin PBXSourcesBuildPhase section */
		03A037AD1D2299610038A0BB /* Sources */ = {
			isa = PBXSourcesBuildPhase;
			buildActionMask = 2147483647;
			files = (
				03A037BC1D2299700038A0BB /* CanvasView.swift in Sources */,
				03A037BE1D2299740038A0BB /* RunningView.swift in Sources */,
				03A037C01D229A890038A0BB /* README.md in Sources */,
				03A037B51D2299610038A0BB /* main.swift in Sources */,
			);
			runOnlyForDeploymentPostprocessing = 0;
		};
/* End PBXSourcesBuildPhase section */

/* Begin XCBuildConfiguration section */
		03A037B61D2299610038A0BB /* Debug */ = {
			isa = XCBuildConfiguration;
			buildSettings = {
				ALWAYS_SEARCH_USER_PATHS = NO;
				CLANG_ANALYZER_NONNULL = YES;
				CLANG_CXX_LANGUAGE_STANDARD = "gnu++0x";
				CLANG_CXX_LIBRARY = "libc++";
				CLANG_ENABLE_MODULES = YES;
				CLANG_ENABLE_OBJC_ARC = YES;
				CLANG_WARN_BOOL_CONVERSION = YES;
				CLANG_WARN_CONSTANT_CONVERSION = YES;
				CLANG_WARN_DIRECT_OBJC_ISA_USAGE = YES_ERROR;
				CLANG_WARN_DOCUMENTATION_COMMENTS = YES;
				CLANG_WARN_EMPTY_BODY = YES;
				CLANG_WARN_ENUM_CONVERSION = YES;
				CLANG_WARN_INT_CONVERSION = YES;
				CLANG_WARN_OBJC_ROOT_CLASS = YES_ERROR;
				CLANG_WARN_UNREACHABLE_CODE = YES;
				CLANG_WARN__DUPLICATE_METHOD_MATCH = YES;
				CODE_SIGN_IDENTITY = "-";
				COPY_PHASE_STRIP = NO;
				DEBUG_INFORMATION_FORMAT = dwarf;
				ENABLE_STRICT_OBJC_MSGSEND = YES;
				ENABLE_TESTABILITY = YES;
				GCC_C_LANGUAGE_STANDARD = gnu99;
				GCC_DYNAMIC_NO_PIC = NO;
				GCC_NO_COMMON_BLOCKS = YES;
				GCC_OPTIMIZATION_LEVEL = 0;
				GCC_PREPROCESSOR_DEFINITIONS = (
					"DEBUG=1",
					"$(inherited)",
				);
				GCC_WARN_64_TO_32_BIT_CONVERSION = YES;
				GCC_WARN_ABOUT_RETURN_TYPE = YES_ERROR;
				GCC_WARN_UNDECLARED_SELECTOR = YES;
				GCC_WARN_UNINITIALIZED_AUTOS = YES_AGGRESSIVE;
				GCC_WARN_UNUSED_FUNCTION = YES;
				GCC_WARN_UNUSED_VARIABLE = YES;
				MACOSX_DEPLOYMENT_TARGET = 10.11;
				MTL_ENABLE_DEBUG_INFO = YES;
				ONLY_ACTIVE_ARCH = YES;
				SDKROOT = macosx;
				SWIFT_OPTIMIZATION_LEVEL = "-Onone";
			};
			name = Debug;
		};
		03A037B71D2299610038A0BB /* Release */ = {
			isa = XCBuildConfiguration;
			buildSettings = {
				ALWAYS_SEARCH_USER_PATHS = NO;
				CLANG_ANALYZER_NONNULL = YES;
				CLANG_CXX_LANGUAGE_STANDARD = "gnu++0x";
				CLANG_CXX_LIBRARY = "libc++";
				CLANG_ENABLE_MODULES = YES;
				CLANG_ENABLE_OBJC_ARC = YES;
				CLANG_WARN_BOOL_CONVERSION = YES;
				CLANG_WARN_CONSTANT_CONVERSION = YES;
				CLANG_WARN_DIRECT_OBJC_ISA_USAGE = YES_ERROR;
				CLANG_WARN_DOCUMENTATION_COMMENTS = YES;
				CLANG_WARN_EMPTY_BODY = YES;
				CLANG_WARN_ENUM_CONVERSION = YES;
				CLANG_WARN_INT_CONVERSION = YES;
				CLANG_WARN_OBJC_ROOT_CLASS = YES_ERROR;
				CLANG_WARN_UNREACHABLE_CODE = YES;
				CLANG_WARN__DUPLICATE_METHOD_MATCH = YES;
				CODE_SIGN_IDENTITY = "-";
				COPY_PHASE_STRIP = NO;
				DEBUG_INFORMATION_FORMAT = "dwarf-with-dsym";
				ENABLE_NS_ASSERTIONS = NO;
				ENABLE_STRICT_OBJC_MSGSEND = YES;
				GCC_C_LANGUAGE_STANDARD = gnu99;
				GCC_NO_COMMON_BLOCKS = YES;
				GCC_WARN_64_TO_32_BIT_CONVERSION = YES;
				GCC_WARN_ABOUT_RETURN_TYPE = YES_ERROR;
				GCC_WARN_UNDECLARED_SELECTOR = YES;
				GCC_WARN_UNINITIALIZED_AUTOS = YES_AGGRESSIVE;
				GCC_WARN_UNUSED_FUNCTION = YES;
				GCC_WARN_UNUSED_VARIABLE = YES;
				MACOSX_DEPLOYMENT_TARGET = 10.11;
				MTL_ENABLE_DEBUG_INFO = NO;
				SDKROOT = macosx;
			};
			name = Release;
		};
		03A037B91D2299610038A0BB /* Debug */ = {
			isa = XCBuildConfiguration;
			buildSettings = {
				PRODUCT_NAME = "$(TARGET_NAME)";
			};
			name = Debug;
		};
		03A037BA1D2299610038A0BB /* Release */ = {
			isa = XCBuildConfiguration;
			buildSettings = {
				PRODUCT_NAME = "$(TARGET_NAME)";
			};
			name = Release;
		};
/* End XCBuildConfiguration section */

/* Begin XCConfigurationList section */
		03A037AC1D2299610038A0BB /* Build configuration list for PBXProject "PulsarRuns" */ = {
			isa = XCConfigurationList;
			buildConfigurations = (
				03A037B61D2299610038A0BB /* Debug */,
				03A037B71D2299610038A0BB /* Release */,
			);
			defaultConfigurationIsVisible = 0;
			defaultConfigurationName = Release;
		};
		03A037B81D2299610038A0BB /* Build configuration list for PBXNativeTarget "PulsarRuns" */ = {
			isa = XCConfigurationList;
			buildConfigurations = (
				03A037B91D2299610038A0BB /* Debug */,
				03A037BA1D2299610038A0BB /* Release */,
			);
			defaultConfigurationIsVisible = 0;
		};
/* End XCConfigurationList section */
	};
	rootObject = 03A037A91D2299610038A0BB /* Project object */;
}
